
Microsoft Visual Studio Solution File, Format Version 12.00
# Visual Studio 15
VisualStudioVersion = 15.0.27703.2047
MinimumVisualStudioVersion = 10.0.40219.1
Project("{FAE04EC0-301F-11D3-BF4B-00C04F79EFBC}") = "ExchangeTime", "ExchangeTime\ExchangeTime.csproj", "{1CCDFD15-3039-400C-AD35-3694B557AEE2}"
EndProject
Project("{2150E333-8FDC-42A3-9474-1A3956D46DE8}") = "Solution Items", "Solution Items", "{59FF57CF-E68F-4B30-A9FC-0EB50DBA50E2}"
	ProjectSection(SolutionItems) = preProject
		..\..\..\..\temp\Screencap1.png = ..\..\..\..\temp\Screencap1.png
		..\..\..\..\temp\Screencap2.png = ..\..\..\..\temp\Screencap2.png
	EndProjectSection
EndProject
Global
	GlobalSection(SolutionConfigurationPlatforms) = preSolution
		Debug|ARM = Debug|ARM
		Debug|x64 = Debug|x64
		Debug|x86 = Debug|x86
		Release|ARM = Release|ARM
		Release|x64 = Release|x64
		Release|x86 = Release|x86
	EndGlobalSection
	GlobalSection(ProjectConfigurationPlatforms) = postSolution
		{1CCDFD15-3039-400C-AD35-3694B557AEE2}.Debug|ARM.ActiveCfg = Debug|x86
		{1CCDFD15-3039-400C-AD35-3694B557AEE2}.Debug|x64.ActiveCfg = Debug|x86
		{1CCDFD15-3039-400C-AD35-3694B557AEE2}.Debug|x86.ActiveCfg = Debug|x86
		{1CCDFD15-3039-400C-AD35-3694B557AEE2}.Debug|x86.Build.0 = Debug|x86
		{1CCDFD15-3039-400C-AD35-3694B557AEE2}.Release|ARM.ActiveCfg = Release|x86
		{1CCDFD15-3039-400C-AD35-3694B557AEE2}.Release|x64.ActiveCfg = Release|x86
		{1CCDFD15-3039-400C-AD35-3694B557AEE2}.Release|x86.ActiveCfg = Release|x86
		{1CCDFD15-3039-400C-AD35-3694B557AEE2}.Release|x86.Build.0 = Release|x86
	EndGlobalSection
	GlobalSection(SolutionProperties) = preSolution
		HideSolutionNode = FALSE
	EndGlobalSection
	GlobalSection(ExtensibilityGlobals) = postSolution
		SolutionGuid = {F305CA83-10E7-4868-9896-7191C9D0BD9B}
	EndGlobalSection
EndGlobal
